
Microsoft Visual Studio Solution File, Format Version 12.00
# Visual Studio Version 17
VisualStudioVersion = 17.3.32901.215
MinimumVisualStudioVersion = 10.0.40219.1
Project("{FAE04EC0-301F-11D3-BF4B-00C04F79EFBC}") = "MeuFormulario1", "MeuFormulario1\MeuFormulario1.csproj", "{A3C4A35E-AA21-479E-ABF1-9CE4A5761122}"
EndProject
Global
	GlobalSection(SolutionConfigurationPlatforms) = preSolution
		Debug|Any CPU = Debug|Any CPU
		Release|Any CPU = Release|Any CPU
	EndGlobalSection
	GlobalSection(ProjectConfigurationPlatforms) = postSolution
		{A3C4A35E-AA21-479E-ABF1-9CE4A5761122}.Debug|Any CPU.ActiveCfg = Debug|Any CPU
		{A3C4A35E-AA21-479E-ABF1-9CE4A5761122}.Debug|Any CPU.Build.0 = Debug|Any CPU
		{A3C4A35E-AA21-479E-ABF1-9CE4A5761122}.Release|Any CPU.ActiveCfg = Release|Any CPU
		{A3C4A35E-AA21-479E-ABF1-9CE4A5761122}.Release|Any CPU.Build.0 = Release|Any CPU
	EndGlobalSection
	GlobalSection(SolutionProperties) = preSolution
		HideSolutionNode = FALSE
	EndGlobalSection
	GlobalSection(ExtensibilityGlobals) = postSolution
		SolutionGuid = {F3FDA56A-6B7F-4B54-9C2F-D046B5E21FC9}
	EndGlobalSection
EndGlobal
